// !$*UTF8*$!
{
	archiveVersion = 1;
	classes = {
	};
	objectVersion = 55;
	objects = {

/* Begin PBXBuildFile section */
		CE67AAA62784BCD9002F4553 /* blake2utility.swift in Sources */ = {isa = PBXBuildFile; fileRef = CE67AAA52784BCD9002F4553 /* blake2utility.swift */; };
		CEB84555278436F400F1BC0E /* blake2.docc in Sources */ = {isa = PBXBuildFile; fileRef = CEB84554278436F400F1BC0E /* blake2.docc */; };
		CEB8455B278436F500F1BC0E /* blake2.framework in Frameworks */ = {isa = PBXBuildFile; fileRef = CEB84550278436F400F1BC0E /* blake2.framework */; };
		CEB84560278436F500F1BC0E /* blake2Tests.swift in Sources */ = {isa = PBXBuildFile; fileRef = CEB8455F278436F500F1BC0E /* blake2Tests.swift */; };
		CEB84561278436F500F1BC0E /* blake2.h in Headers */ = {isa = PBXBuildFile; fileRef = CEB84553278436F400F1BC0E /* blake2.h */; settings = {ATTRIBUTES = (Public, ); }; };
		CEB8456B27843B5500F1BC0E /* blake2.swift in Sources */ = {isa = PBXBuildFile; fileRef = CEB8456A27843B5500F1BC0E /* blake2.swift */; };
/* End PBXBuildFile section */

/* Begin PBXContainerItemProxy section */
		CEB8455C278436F500F1BC0E /* PBXContainerItemProxy */ = {
			isa = PBXContainerItemProxy;
			containerPortal = CEB84547278436F400F1BC0E /* Project object */;
			proxyType = 1;
			remoteGlobalIDString = CEB8454F278436F400F1BC0E;
			remoteInfo = blake2;
		};
/* End PBXContainerItemProxy section */

/* Begin PBXFileReference section */
		CE67AAA52784BCD9002F4553 /* blake2utility.swift */ = {isa = PBXFileReference; lastKnownFileType = sourcecode.swift; path = blake2utility.swift; sourceTree = "<group>"; };
		CEB84550278436F400F1BC0E /* blake2.framework */ = {isa = PBXFileReference; explicitFileType = wrapper.framework; includeInIndex = 0; path = blake2.framework; sourceTree = BUILT_PRODUCTS_DIR; };
		CEB84553278436F400F1BC0E /* blake2.h */ = {isa = PBXFileReference; lastKnownFileType = sourcecode.c.h; path = blake2.h; sourceTree = "<group>"; };
		CEB84554278436F400F1BC0E /* blake2.docc */ = {isa = PBXFileReference; lastKnownFileType = folder.documentationcatalog; path = blake2.docc; sourceTree = "<group>"; };
		CEB8455A278436F500F1BC0E /* blake2Tests.xctest */ = {isa = PBXFileReference; explicitFileType = wrapper.cfbundle; includeInIndex = 0; path = blake2Tests.xctest; sourceTree = BUILT_PRODUCTS_DIR; };
		CEB8455F278436F500F1BC0E /* blake2Tests.swift */ = {isa = PBXFileReference; lastKnownFileType = sourcecode.swift; path = blake2Tests.swift; sourceTree = "<group>"; };
		CEB8456A27843B5500F1BC0E /* blake2.swift */ = {isa = PBXFileReference; lastKnownFileType = sourcecode.swift; path = blake2.swift; sourceTree = "<group>"; };
/* End PBXFileReference section */

/* Begin PBXFrameworksBuildPhase section */
		CEB8454D278436F400F1BC0E /* Frameworks */ = {
			isa = PBXFrameworksBuildPhase;
			buildActionMask = 2147483647;
			files = (
			);
			runOnlyForDeploymentPostprocessing = 0;
		};
		CEB84557278436F500F1BC0E /* Frameworks */ = {
			isa = PBXFrameworksBuildPhase;
			buildActionMask = 2147483647;
			files = (
				CEB8455B278436F500F1BC0E /* blake2.framework in Frameworks */,
			);
			runOnlyForDeploymentPostprocessing = 0;
		};
/* End PBXFrameworksBuildPhase section */

/* Begin PBXGroup section */
		CEB84546278436F400F1BC0E = {
			isa = PBXGroup;
			children = (
				CEB84552278436F400F1BC0E /* blake2 */,
				CEB8455E278436F500F1BC0E /* blake2Tests */,
				CEB84551278436F400F1BC0E /* Products */,
			);
			sourceTree = "<group>";
		};
		CEB84551278436F400F1BC0E /* Products */ = {
			isa = PBXGroup;
			children = (
				CEB84550278436F400F1BC0E /* blake2.framework */,
				CEB8455A278436F500F1BC0E /* blake2Tests.xctest */,
			);
			name = Products;
			sourceTree = "<group>";
		};
		CEB84552278436F400F1BC0E /* blake2 */ = {
			isa = PBXGroup;
			children = (
				CEB84553278436F400F1BC0E /* blake2.h */,
				CE67AAA52784BCD9002F4553 /* blake2utility.swift */,
				CEB8456A27843B5500F1BC0E /* blake2.swift */,
				CEB84554278436F400F1BC0E /* blake2.docc */,
			);
			path = blake2;
			sourceTree = "<group>";
		};
		CEB8455E278436F500F1BC0E /* blake2Tests */ = {
			isa = PBXGroup;
			children = (
				CEB8455F278436F500F1BC0E /* blake2Tests.swift */,
			);
			path = blake2Tests;
			sourceTree = "<group>";
		};
/* End PBXGroup section */

/* Begin PBXHeadersBuildPhase section */
		CEB8454B278436F400F1BC0E /* Headers */ = {
			isa = PBXHeadersBuildPhase;
			buildActionMask = 2147483647;
			files = (
				CEB84561278436F500F1BC0E /* blake2.h in Headers */,
			);
			runOnlyForDeploymentPostprocessing = 0;
		};
/* End PBXHeadersBuildPhase section */

/* Begin PBXNativeTarget section */
		CEB8454F278436F400F1BC0E /* blake2 */ = {
			isa = PBXNativeTarget;
			buildConfigurationList = CEB84564278436F500F1BC0E /* Build configuration list for PBXNativeTarget "blake2" */;
			buildPhases = (
				CEB8454B278436F400F1BC0E /* Headers */,
				CEB8454C278436F400F1BC0E /* Sources */,
				CEB8454D278436F400F1BC0E /* Frameworks */,
				CEB8454E278436F400F1BC0E /* Resources */,
			);
			buildRules = (
			);
			dependencies = (
			);
			name = blake2;
			productName = blake2;
			productReference = CEB84550278436F400F1BC0E /* blake2.framework */;
			productType = "com.apple.product-type.framework";
		};
		CEB84559278436F500F1BC0E /* blake2Tests */ = {
			isa = PBXNativeTarget;
			buildConfigurationList = CEB84567278436F500F1BC0E /* Build configuration list for PBXNativeTarget "blake2Tests" */;
			buildPhases = (
				CEB84556278436F500F1BC0E /* Sources */,
				CEB84557278436F500F1BC0E /* Frameworks */,
				CEB84558278436F500F1BC0E /* Resources */,
			);
			buildRules = (
			);
			dependencies = (
				CEB8455D278436F500F1BC0E /* PBXTargetDependency */,
			);
			name = blake2Tests;
			productName = blake2Tests;
			productReference = CEB8455A278436F500F1BC0E /* blake2Tests.xctest */;
			productType = "com.apple.product-type.bundle.unit-test";
		};
/* End PBXNativeTarget section */

/* Begin PBXProject section */
		CEB84547278436F400F1BC0E /* Project object */ = {
			isa = PBXProject;
			attributes = {
				BuildIndependentTargetsInParallel = 1;
				LastSwiftUpdateCheck = 1320;
				LastUpgradeCheck = 1320;
				TargetAttributes = {
					CEB8454F278436F400F1BC0E = {
						CreatedOnToolsVersion = 13.2.1;
					};
					CEB84559278436F500F1BC0E = {
						CreatedOnToolsVersion = 13.2.1;
					};
				};
			};
			buildConfigurationList = CEB8454A278436F400F1BC0E /* Build configuration list for PBXProject "blake2" */;
			compatibilityVersion = "Xcode 13.0";
			developmentRegion = en;
			hasScannedForEncodings = 0;
			knownRegions = (
				en,
				Base,
			);
			mainGroup = CEB84546278436F400F1BC0E;
			productRefGroup = CEB84551278436F400F1BC0E /* Products */;
			projectDirPath = "";
			projectRoot = "";
			targets = (
				CEB8454F278436F400F1BC0E /* blake2 */,
				CEB84559278436F500F1BC0E /* blake2Tests */,
			);
		};
/* End PBXProject section */

/* Begin PBXResourcesBuildPhase section */
		CEB8454E278436F400F1BC0E /* Resources */ = {
			isa = PBXResourcesBuildPhase;
			buildActionMask = 2147483647;
			files = (
			);
			runOnlyForDeploymentPostprocessing = 0;
		};
		CEB84558278436F500F1BC0E /* Resources */ = {
			isa = PBXResourcesBuildPhase;
			buildActionMask = 2147483647;
			files = (
			);
			runOnlyForDeploymentPostprocessing = 0;
		};
/* End PBXResourcesBuildPhase section */

/* Begin PBXSourcesBuildPhase section */
		CEB8454C278436F400F1BC0E /* Sources */ = {
			isa = PBXSourcesBuildPhase;
			buildActionMask = 2147483647;
			files = (
				CEB8456B27843B5500F1BC0E /* blake2.swift in Sources */,
				CE67AAA62784BCD9002F4553 /* blake2utility.swift in Sources */,
				CEB84555278436F400F1BC0E /* blake2.docc in Sources */,
			);
			runOnlyForDeploymentPostprocessing = 0;
		};
		CEB84556278436F500F1BC0E /* Sources */ = {
			isa = PBXSourcesBuildPhase;
			buildActionMask = 2147483647;
			files = (
				CEB84560278436F500F1BC0E /* blake2Tests.swift in Sources */,
			);
			runOnlyForDeploymentPostprocessing = 0;
		};
/* End PBXSourcesBuildPhase section */

/* Begin PBXTargetDependency section */
		CEB8455D278436F500F1BC0E /* PBXTargetDependency */ = {
			isa = PBXTargetDependency;
			target = CEB8454F278436F400F1BC0E /* blake2 */;
			targetProxy = CEB8455C278436F500F1BC0E /* PBXContainerItemProxy */;
		};
/* End PBXTargetDependency section */

/* Begin XCBuildConfiguration section */
		CEB84562278436F500F1BC0E /* Debug */ = {
			isa = XCBuildConfiguration;
			buildSettings = {
				ALWAYS_SEARCH_USER_PATHS = NO;
				CLANG_ANALYZER_NONNULL = YES;
				CLANG_ANALYZER_NUMBER_OBJECT_CONVERSION = YES_AGGRESSIVE;
				CLANG_CXX_LANGUAGE_STANDARD = "gnu++17";
				CLANG_CXX_LIBRARY = "libc++";
				CLANG_ENABLE_MODULES = YES;
				CLANG_ENABLE_OBJC_ARC = YES;
				CLANG_ENABLE_OBJC_WEAK = YES;
				CLANG_WARN_BLOCK_CAPTURE_AUTORELEASING = YES;
				CLANG_WARN_BOOL_CONVERSION = YES;
				CLANG_WARN_COMMA = YES;
				CLANG_WARN_CONSTANT_CONVERSION = YES;
				CLANG_WARN_DEPRECATED_OBJC_IMPLEMENTATIONS = YES;
				CLANG_WARN_DIRECT_OBJC_ISA_USAGE = YES_ERROR;
				CLANG_WARN_DOCUMENTATION_COMMENTS = YES;
				CLANG_WARN_EMPTY_BODY = YES;
				CLANG_WARN_ENUM_CONVERSION = YES;
				CLANG_WARN_INFINITE_RECURSION = YES;
				CLANG_WARN_INT_CONVERSION = YES;
				CLANG_WARN_NON_LITERAL_NULL_CONVERSION = YES;
				CLANG_WARN_OBJC_IMPLICIT_RETAIN_SELF = YES;
				CLANG_WARN_OBJC_LITERAL_CONVERSION = YES;
				CLANG_WARN_OBJC_ROOT_CLASS = YES_ERROR;
				CLANG_WARN_QUOTED_INCLUDE_IN_FRAMEWORK_HEADER = YES;
				CLANG_WARN_RANGE_LOOP_ANALYSIS = YES;
				CLANG_WARN_STRICT_PROTOTYPES = YES;
				CLANG_WARN_SUSPICIOUS_MOVE = YES;
				CLANG_WARN_UNGUARDED_AVAILABILITY = YES_AGGRESSIVE;
				CLANG_WARN_UNREACHABLE_CODE = YES;
				CLANG_WARN__DUPLICATE_METHOD_MATCH = YES;
				COPY_PHASE_STRIP = NO;
				CURRENT_PROJECT_VERSION = 1;
				DEBUG_INFORMATION_FORMAT = dwarf;
				ENABLE_STRICT_OBJC_MSGSEND = YES;
				ENABLE_TESTABILITY = YES;
				GCC_C_LANGUAGE_STANDARD = gnu11;
				GCC_DYNAMIC_NO_PIC = NO;
				GCC_NO_COMMON_BLOCKS = YES;
				GCC_OPTIMIZATION_LEVEL = 0;
				GCC_PREPROCESSOR_DEFINITIONS = (
					"DEBUG=1",
					"$(inherited)",
				);
				GCC_WARN_64_TO_32_BIT_CONVERSION = YES;
				GCC_WARN_ABOUT_RETURN_TYPE = YES_ERROR;
				GCC_WARN_UNDECLARED_SELECTOR = YES;
				GCC_WARN_UNINITIALIZED_AUTOS = YES_AGGRESSIVE;
				GCC_WARN_UNUSED_FUNCTION = YES;
				GCC_WARN_UNUSED_VARIABLE = YES;
				MACOSX_DEPLOYMENT_TARGET = 12.1;
				MTL_ENABLE_DEBUG_INFO = INCLUDE_SOURCE;
				MTL_FAST_MATH = YES;
				ONLY_ACTIVE_ARCH = YES;
				SDKROOT = macosx;
				SWIFT_ACTIVE_COMPILATION_CONDITIONS = DEBUG;
				SWIFT_OPTIMIZATION_LEVEL = "-Onone";
				VERSIONING_SYSTEM = "apple-generic";
				VERSION_INFO_PREFIX = "";
			};
			name = Debug;
		};
		CEB84563278436F500F1BC0E /* Release */ = {
			isa = XCBuildConfiguration;
			buildSettings = {
				ALWAYS_SEARCH_USER_PATHS = NO;
				CLANG_ANALYZER_NONNULL = YES;
				CLANG_ANALYZER_NUMBER_OBJECT_CONVERSION = YES_AGGRESSIVE;
				CLANG_CXX_LANGUAGE_STANDARD = "gnu++17";
				CLANG_CXX_LIBRARY = "libc++";
				CLANG_ENABLE_MODULES = YES;
				CLANG_ENABLE_OBJC_ARC = YES;
				CLANG_ENABLE_OBJC_WEAK = YES;
				CLANG_WARN_BLOCK_CAPTURE_AUTORELEASING = YES;
				CLANG_WARN_BOOL_CONVERSION = YES;
				CLANG_WARN_COMMA = YES;
				CLANG_WARN_CONSTANT_CONVERSION = YES;
				CLANG_WARN_DEPRECATED_OBJC_IMPLEMENTATIONS = YES;
				CLANG_WARN_DIRECT_OBJC_ISA_USAGE = YES_ERROR;
				CLANG_WARN_DOCUMENTATION_COMMENTS = YES;
				CLANG_WARN_EMPTY_BODY = YES;
				CLANG_WARN_ENUM_CONVERSION = YES;
				CLANG_WARN_INFINITE_RECURSION = YES;
				CLANG_WARN_INT_CONVERSION = YES;
				CLANG_WARN_NON_LITERAL_NULL_CONVERSION = YES;
				CLANG_WARN_OBJC_IMPLICIT_RETAIN_SELF = YES;
				CLANG_WARN_OBJC_LITERAL_CONVERSION = YES;
				CLANG_WARN_OBJC_ROOT_CLASS = YES_ERROR;
				CLANG_WARN_QUOTED_INCLUDE_IN_FRAMEWORK_HEADER = YES;
				CLANG_WARN_RANGE_LOOP_ANALYSIS = YES;
				CLANG_WARN_STRICT_PROTOTYPES = YES;
				CLANG_WARN_SUSPICIOUS_MOVE = YES;
				CLANG_WARN_UNGUARDED_AVAILABILITY = YES_AGGRESSIVE;
				CLANG_WARN_UNREACHABLE_CODE = YES;
				CLANG_WARN__DUPLICATE_METHOD_MATCH = YES;
				COPY_PHASE_STRIP = NO;
				CURRENT_PROJECT_VERSION = 1;
				DEBUG_INFORMATION_FORMAT = "dwarf-with-dsym";
				ENABLE_NS_ASSERTIONS = NO;
				ENABLE_STRICT_OBJC_MSGSEND = YES;
				GCC_C_LANGUAGE_STANDARD = gnu11;
				GCC_NO_COMMON_BLOCKS = YES;
				GCC_WARN_64_TO_32_BIT_CONVERSION = YES;
				GCC_WARN_ABOUT_RETURN_TYPE = YES_ERROR;
				GCC_WARN_UNDECLARED_SELECTOR = YES;
				GCC_WARN_UNINITIALIZED_AUTOS = YES_AGGRESSIVE;
				GCC_WARN_UNUSED_FUNCTION = YES;
				GCC_WARN_UNUSED_VARIABLE = YES;
				MACOSX_DEPLOYMENT_TARGET = 12.1;
				MTL_ENABLE_DEBUG_INFO = NO;
				MTL_FAST_MATH = YES;
				SDKROOT = macosx;
				SWIFT_COMPILATION_MODE = wholemodule;
				SWIFT_OPTIMIZATION_LEVEL = "-O";
				VERSIONING_SYSTEM = "apple-generic";
				VERSION_INFO_PREFIX = "";
			};
			name = Release;
		};
		CEB84565278436F500F1BC0E /* Debug */ = {
			isa = XCBuildConfiguration;
			buildSettings = {
				CODE_SIGN_STYLE = Automatic;
				COMBINE_HIDPI_IMAGES = YES;
				CURRENT_PROJECT_VERSION = 1;
				DEFINES_MODULE = YES;
				DEVELOPMENT_TEAM = S36KPVNQU4;
				DYLIB_COMPATIBILITY_VERSION = 1;
				DYLIB_CURRENT_VERSION = 1;
				DYLIB_INSTALL_NAME_BASE = "@rpath";
				GENERATE_INFOPLIST_FILE = YES;
				INFOPLIST_KEY_NSHumanReadableCopyright = "";
				INSTALL_PATH = "$(LOCAL_LIBRARY_DIR)/Frameworks";
				LD_RUNPATH_SEARCH_PATHS = (
					"$(inherited)",
					"@executable_path/../Frameworks",
					"@loader_path/Frameworks",
				);
				MARKETING_VERSION = 1.0;
				PRODUCT_BUNDLE_IDENTIFIER = doc.blake2;
				PRODUCT_NAME = "$(TARGET_NAME:c99extidentifier)";
				SKIP_INSTALL = YES;
				SWIFT_EMIT_LOC_STRINGS = YES;
				SWIFT_VERSION = 5.0;
			};
			name = Debug;
		};
		CEB84566278436F500F1BC0E /* Release */ = {
			isa = XCBuildConfiguration;
			buildSettings = {
				CODE_SIGN_STYLE = Automatic;
				COMBINE_HIDPI_IMAGES = YES;
				CURRENT_PROJECT_VERSION = 1;
				DEFINES_MODULE = YES;
				DEVELOPMENT_TEAM = S36KPVNQU4;
				DYLIB_COMPATIBILITY_VERSION = 1;
				DYLIB_CURRENT_VERSION = 1;
				DYLIB_INSTALL_NAME_BASE = "@rpath";
				GENERATE_INFOPLIST_FILE = YES;
				INFOPLIST_KEY_NSHumanReadableCopyright = "";
				INSTALL_PATH = "$(LOCAL_LIBRARY_DIR)/Frameworks";
				LD_RUNPATH_SEARCH_PATHS = (
					"$(inherited)",
					"@executable_path/../Frameworks",
					"@loader_path/Frameworks",
				);
				MARKETING_VERSION = 1.0;
				PRODUCT_BUNDLE_IDENTIFIER = doc.blake2;
				PRODUCT_NAME = "$(TARGET_NAME:c99extidentifier)";
				SKIP_INSTALL = YES;
				SWIFT_EMIT_LOC_STRINGS = YES;
				SWIFT_VERSION = 5.0;
			};
			name = Release;
		};
		CEB84568278436F500F1BC0E /* Debug */ = {
			isa = XCBuildConfiguration;
			buildSettings = {
				ALWAYS_EMBED_SWIFT_STANDARD_LIBRARIES = YES;
				CODE_SIGN_STYLE = Automatic;
				CURRENT_PROJECT_VERSION = 1;
				DEVELOPMENT_TEAM = S36KPVNQU4;
				GENERATE_INFOPLIST_FILE = YES;
				MARKETING_VERSION = 1.0;
				PRODUCT_BUNDLE_IDENTIFIER = doc.blake2Tests;
				PRODUCT_NAME = "$(TARGET_NAME)";
				SWIFT_EMIT_LOC_STRINGS = NO;
				SWIFT_VERSION = 5.0;
			};
			name = Debug;
		};
		CEB84569278436F500F1BC0E /* Release */ = {
			isa = XCBuildConfiguration;
			buildSettings = {
				ALWAYS_EMBED_SWIFT_STANDARD_LIBRARIES = YES;
				CODE_SIGN_STYLE = Automatic;
				CURRENT_PROJECT_VERSION = 1;
				DEVELOPMENT_TEAM = S36KPVNQU4;
				GENERATE_INFOPLIST_FILE = YES;
				MARKETING_VERSION = 1.0;
				PRODUCT_BUNDLE_IDENTIFIER = doc.blake2Tests;
				PRODUCT_NAME = "$(TARGET_NAME)";
				SWIFT_EMIT_LOC_STRINGS = NO;
				SWIFT_VERSION = 5.0;
			};
			name = Release;
		};
/* End XCBuildConfiguration section */

/* Begin XCConfigurationList section */
		CEB8454A278436F400F1BC0E /* Build configuration list for PBXProject "blake2" */ = {
			isa = XCConfigurationList;
			buildConfigurations = (
				CEB84562278436F500F1BC0E /* Debug */,
				CEB84563278436F500F1BC0E /* Release */,
			);
			defaultConfigurationIsVisible = 0;
			defaultConfigurationName = Release;
		};
		CEB84564278436F500F1BC0E /* Build configuration list for PBXNativeTarget "blake2" */ = {
			isa = XCConfigurationList;
			buildConfigurations = (
				CEB84565278436F500F1BC0E /* Debug */,
				CEB84566278436F500F1BC0E /* Release */,
			);
			defaultConfigurationIsVisible = 0;
			defaultConfigurationName = Release;
		};
		CEB84567278436F500F1BC0E /* Build configuration list for PBXNativeTarget "blake2Tests" */ = {
			isa = XCConfigurationList;
			buildConfigurations = (
				CEB84568278436F500F1BC0E /* Debug */,
				CEB84569278436F500F1BC0E /* Release */,
			);
			defaultConfigurationIsVisible = 0;
			defaultConfigurationName = Release;
		};
/* End XCConfigurationList section */
	};
	rootObject = CEB84547278436F400F1BC0E /* Project object */;
}
